// !$*UTF8*$!
{
	archiveVersion = 1;
	classes = {
	};
	objectVersion = 55;
	objects = {

/* Begin PBXBuildFile section */
		473C68AF29E555C30093582D /* sundial WatchKit App.app in Embed Watch Content */ = {isa = PBXBuildFile; fileRef = 473C68AE29E555C30093582D /* sundial WatchKit App.app */; settings = {ATTRIBUTES = (RemoveHeadersOnCopy, ); }; };
		473C68B429E555C60093582D /* Assets.xcassets in Resources */ = {isa = PBXBuildFile; fileRef = 473C68B329E555C60093582D /* Assets.xcassets */; };
		473C68BA29E555C60093582D /* sundial WatchKit Extension.appex in Embed App Extensions */ = {isa = PBXBuildFile; fileRef = 473C68B929E555C60093582D /* sundial WatchKit Extension.appex */; settings = {ATTRIBUTES = (RemoveHeadersOnCopy, ); }; };
		473C68BF29E555C60093582D /* sundialApp.swift in Sources */ = {isa = PBXBuildFile; fileRef = 473C68BE29E555C60093582D /* sundialApp.swift */; };
		473C68C129E555C60093582D /* ContentView.swift in Sources */ = {isa = PBXBuildFile; fileRef = 473C68C029E555C60093582D /* ContentView.swift */; };
		473C68C329E555C60093582D /* NotificationController.swift in Sources */ = {isa = PBXBuildFile; fileRef = 473C68C229E555C60093582D /* NotificationController.swift */; };
		473C68C529E555C60093582D /* NotificationView.swift in Sources */ = {isa = PBXBuildFile; fileRef = 473C68C429E555C60093582D /* NotificationView.swift */; };
		473C68C729E555C60093582D /* ComplicationController.swift in Sources */ = {isa = PBXBuildFile; fileRef = 473C68C629E555C60093582D /* ComplicationController.swift */; };
		473C68C929E555C60093582D /* Assets.xcassets in Resources */ = {isa = PBXBuildFile; fileRef = 473C68C829E555C60093582D /* Assets.xcassets */; };
		473C68CC29E555C60093582D /* Preview Assets.xcassets in Resources */ = {isa = PBXBuildFile; fileRef = 473C68CB29E555C60093582D /* Preview Assets.xcassets */; };
/* End PBXBuildFile section */

/* Begin PBXContainerItemProxy section */
		473C68B029E555C30093582D /* PBXContainerItemProxy */ = {
			isa = PBXContainerItemProxy;
			containerPortal = 473C68A429E555C30093582D /* Project object */;
			proxyType = 1;
			remoteGlobalIDString = 473C68AD29E555C30093582D;
			remoteInfo = "sundial WatchKit App";
		};
		473C68BB29E555C60093582D /* PBXContainerItemProxy */ = {
			isa = PBXContainerItemProxy;
			containerPortal = 473C68A429E555C30093582D /* Project object */;
			proxyType = 1;
			remoteGlobalIDString = 473C68B829E555C60093582D;
			remoteInfo = "sundial WatchKit Extension";
		};
/* End PBXContainerItemProxy section */

/* Begin PBXCopyFilesBuildPhase section */
		473C68D429E555C60093582D /* Embed App Extensions */ = {
			isa = PBXCopyFilesBuildPhase;
			buildActionMask = 2147483647;
			dstPath = "";
			dstSubfolderSpec = 13;
			files = (
				473C68BA29E555C60093582D /* sundial WatchKit Extension.appex in Embed App Extensions */,
			);
			name = "Embed App Extensions";
			runOnlyForDeploymentPostprocessing = 0;
		};
		473C68D829E555C60093582D /* Embed Watch Content */ = {
			isa = PBXCopyFilesBuildPhase;
			buildActionMask = 2147483647;
			dstPath = "$(CONTENTS_FOLDER_PATH)/Watch";
			dstSubfolderSpec = 16;
			files = (
				473C68AF29E555C30093582D /* sundial WatchKit App.app in Embed Watch Content */,
			);
			name = "Embed Watch Content";
			runOnlyForDeploymentPostprocessing = 0;
		};
/* End PBXCopyFilesBuildPhase section */

/* Begin PBXFileReference section */
		473C68AA29E555C30093582D /* sundial.app */ = {isa = PBXFileReference; explicitFileType = wrapper.application; includeInIndex = 0; path = sundial.app; sourceTree = BUILT_PRODUCTS_DIR; };
		473C68AE29E555C30093582D /* sundial WatchKit App.app */ = {isa = PBXFileReference; explicitFileType = wrapper.application; includeInIndex = 0; path = "sundial WatchKit App.app"; sourceTree = BUILT_PRODUCTS_DIR; };
		473C68B329E555C60093582D /* Assets.xcassets */ = {isa = PBXFileReference; lastKnownFileType = folder.assetcatalog; path = Assets.xcassets; sourceTree = "<group>"; };
		473C68B929E555C60093582D /* sundial WatchKit Extension.appex */ = {isa = PBXFileReference; explicitFileType = "wrapper.app-extension"; includeInIndex = 0; path = "sundial WatchKit Extension.appex"; sourceTree = BUILT_PRODUCTS_DIR; };
		473C68BE29E555C60093582D /* sundialApp.swift */ = {isa = PBXFileReference; lastKnownFileType = sourcecode.swift; path = sundialApp.swift; sourceTree = "<group>"; };
		473C68C029E555C60093582D /* ContentView.swift */ = {isa = PBXFileReference; lastKnownFileType = sourcecode.swift; path = ContentView.swift; sourceTree = "<group>"; };
		473C68C229E555C60093582D /* NotificationController.swift */ = {isa = PBXFileReference; lastKnownFileType = sourcecode.swift; path = NotificationController.swift; sourceTree = "<group>"; };
		473C68C429E555C60093582D /* NotificationView.swift */ = {isa = PBXFileReference; lastKnownFileType = sourcecode.swift; path = NotificationView.swift; sourceTree = "<group>"; };
		473C68C629E555C60093582D /* ComplicationController.swift */ = {isa = PBXFileReference; lastKnownFileType = sourcecode.swift; path = ComplicationController.swift; sourceTree = "<group>"; };
		473C68C829E555C60093582D /* Assets.xcassets */ = {isa = PBXFileReference; lastKnownFileType = folder.assetcatalog; path = Assets.xcassets; sourceTree = "<group>"; };
		473C68CB29E555C60093582D /* Preview Assets.xcassets */ = {isa = PBXFileReference; lastKnownFileType = folder.assetcatalog; path = "Preview Assets.xcassets"; sourceTree = "<group>"; };
		473C68CD29E555C60093582D /* Info.plist */ = {isa = PBXFileReference; lastKnownFileType = text.plist.xml; path = Info.plist; sourceTree = "<group>"; };
		473C68CE29E555C60093582D /* PushNotificationPayload.apns */ = {isa = PBXFileReference; lastKnownFileType = text; path = PushNotificationPayload.apns; sourceTree = "<group>"; };
/* End PBXFileReference section */

/* Begin PBXFrameworksBuildPhase section */
		473C68B629E555C60093582D /* Frameworks */ = {
			isa = PBXFrameworksBuildPhase;
			buildActionMask = 2147483647;
			files = (
			);
			runOnlyForDeploymentPostprocessing = 0;
		};
/* End PBXFrameworksBuildPhase section */

/* Begin PBXGroup section */
		473C68A329E555C30093582D = {
			isa = PBXGroup;
			children = (
				473C68B229E555C30093582D /* sundial WatchKit App */,
				473C68BD29E555C60093582D /* sundial WatchKit Extension */,
				473C68AB29E555C30093582D /* Products */,
			);
			sourceTree = "<group>";
		};
		473C68AB29E555C30093582D /* Products */ = {
			isa = PBXGroup;
			children = (
				473C68AA29E555C30093582D /* sundial.app */,
				473C68AE29E555C30093582D /* sundial WatchKit App.app */,
				473C68B929E555C60093582D /* sundial WatchKit Extension.appex */,
			);
			name = Products;
			sourceTree = "<group>";
		};
		473C68B229E555C30093582D /* sundial WatchKit App */ = {
			isa = PBXGroup;
			children = (
				473C68B329E555C60093582D /* Assets.xcassets */,
			);
			path = "sundial WatchKit App";
			sourceTree = "<group>";
		};
		473C68BD29E555C60093582D /* sundial WatchKit Extension */ = {
			isa = PBXGroup;
			children = (
				473C68BE29E555C60093582D /* sundialApp.swift */,
				473C68C029E555C60093582D /* ContentView.swift */,
				473C68C229E555C60093582D /* NotificationController.swift */,
				473C68C429E555C60093582D /* NotificationView.swift */,
				473C68C629E555C60093582D /* ComplicationController.swift */,
				473C68C829E555C60093582D /* Assets.xcassets */,
				473C68CD29E555C60093582D /* Info.plist */,
				473C68CE29E555C60093582D /* PushNotificationPayload.apns */,
				473C68CA29E555C60093582D /* Preview Content */,
			);
			path = "sundial WatchKit Extension";
			sourceTree = "<group>";
		};
		473C68CA29E555C60093582D /* Preview Content */ = {
			isa = PBXGroup;
			children = (
				473C68CB29E555C60093582D /* Preview Assets.xcassets */,
			);
			path = "Preview Content";
			sourceTree = "<group>";
		};
/* End PBXGroup section */

/* Begin PBXNativeTarget section */
		473C68A929E555C30093582D /* sundial */ = {
			isa = PBXNativeTarget;
			buildConfigurationList = 473C68D929E555C60093582D /* Build configuration list for PBXNativeTarget "sundial" */;
			buildPhases = (
				473C68A829E555C30093582D /* Resources */,
				473C68D829E555C60093582D /* Embed Watch Content */,
			);
			buildRules = (
			);
			dependencies = (
				473C68B129E555C30093582D /* PBXTargetDependency */,
			);
			name = sundial;
			productName = sundial;
			productReference = 473C68AA29E555C30093582D /* sundial.app */;
			productType = "com.apple.product-type.application.watchapp2-container";
		};
		473C68AD29E555C30093582D /* sundial WatchKit App */ = {
			isa = PBXNativeTarget;
			buildConfigurationList = 473C68D529E555C60093582D /* Build configuration list for PBXNativeTarget "sundial WatchKit App" */;
			buildPhases = (
				473C68AC29E555C30093582D /* Resources */,
				473C68D429E555C60093582D /* Embed App Extensions */,
			);
			buildRules = (
			);
			dependencies = (
				473C68BC29E555C60093582D /* PBXTargetDependency */,
			);
			name = "sundial WatchKit App";
			productName = "sundial WatchKit App";
			productReference = 473C68AE29E555C30093582D /* sundial WatchKit App.app */;
			productType = "com.apple.product-type.application.watchapp2";
		};
		473C68B829E555C60093582D /* sundial WatchKit Extension */ = {
			isa = PBXNativeTarget;
			buildConfigurationList = 473C68D129E555C60093582D /* Build configuration list for PBXNativeTarget "sundial WatchKit Extension" */;
			buildPhases = (
				473C68B529E555C60093582D /* Sources */,
				473C68B629E555C60093582D /* Frameworks */,
				473C68B729E555C60093582D /* Resources */,
			);
			buildRules = (
			);
			dependencies = (
			);
			name = "sundial WatchKit Extension";
			productName = "sundial WatchKit Extension";
			productReference = 473C68B929E555C60093582D /* sundial WatchKit Extension.appex */;
			productType = "com.apple.product-type.watchkit2-extension";
		};
/* End PBXNativeTarget section */

/* Begin PBXProject section */
		473C68A429E555C30093582D /* Project object */ = {
			isa = PBXProject;
			attributes = {
				BuildIndependentTargetsInParallel = 1;
				LastSwiftUpdateCheck = 1340;
				LastUpgradeCheck = 1340;
				TargetAttributes = {
					473C68A929E555C30093582D = {
						CreatedOnToolsVersion = 13.4.1;
					};
					473C68AD29E555C30093582D = {
						CreatedOnToolsVersion = 13.4.1;
					};
					473C68B829E555C60093582D = {
						CreatedOnToolsVersion = 13.4.1;
					};
				};
			};
			buildConfigurationList = 473C68A729E555C30093582D /* Build configuration list for PBXProject "sundial" */;
			compatibilityVersion = "Xcode 13.0";
			developmentRegion = en;
			hasScannedForEncodings = 0;
			knownRegions = (
				en,
				Base,
			);
			mainGroup = 473C68A329E555C30093582D;
			productRefGroup = 473C68AB29E555C30093582D /* Products */;
			projectDirPath = "";
			projectRoot = "";
			targets = (
				473C68A929E555C30093582D /* sundial */,
				473C68AD29E555C30093582D /* sundial WatchKit App */,
				473C68B829E555C60093582D /* sundial WatchKit Extension */,
			);
		};
/* End PBXProject section */

/* Begin PBXResourcesBuildPhase section */
		473C68A829E555C30093582D /* Resources */ = {
			isa = PBXResourcesBuildPhase;
			buildActionMask = 2147483647;
			files = (
			);
			runOnlyForDeploymentPostprocessing = 0;
		};
		473C68AC29E555C30093582D /* Resources */ = {
			isa = PBXResourcesBuildPhase;
			buildActionMask = 2147483647;
			files = (
				473C68B429E555C60093582D /* Assets.xcassets in Resources */,
			);
			runOnlyForDeploymentPostprocessing = 0;
		};
		473C68B729E555C60093582D /* Resources */ = {
			isa = PBXResourcesBuildPhase;
			buildActionMask = 2147483647;
			files = (
				473C68CC29E555C60093582D /* Preview Assets.xcassets in Resources */,
				473C68C929E555C60093582D /* Assets.xcassets in Resources */,
			);
			runOnlyForDeploymentPostprocessing = 0;
		};
/* End PBXResourcesBuildPhase section */

/* Begin PBXSourcesBuildPhase section */
		473C68B529E555C60093582D /* Sources */ = {
			isa = PBXSourcesBuildPhase;
			buildActionMask = 2147483647;
			files = (
				473C68C329E555C60093582D /* NotificationController.swift in Sources */,
				473C68C129E555C60093582D /* ContentView.swift in Sources */,
				473C68C729E555C60093582D /* ComplicationController.swift in Sources */,
				473C68BF29E555C60093582D /* sundialApp.swift in Sources */,
				473C68C529E555C60093582D /* NotificationView.swift in Sources */,
			);
			runOnlyForDeploymentPostprocessing = 0;
		};
/* End PBXSourcesBuildPhase section */

/* Begin PBXTargetDependency section */
		473C68B129E555C30093582D /* PBXTargetDependency */ = {
			isa = PBXTargetDependency;
			target = 473C68AD29E555C30093582D /* sundial WatchKit App */;
			targetProxy = 473C68B029E555C30093582D /* PBXContainerItemProxy */;
		};
		473C68BC29E555C60093582D /* PBXTargetDependency */ = {
			isa = PBXTargetDependency;
			target = 473C68B829E555C60093582D /* sundial WatchKit Extension */;
			targetProxy = 473C68BB29E555C60093582D /* PBXContainerItemProxy */;
		};
/* End PBXTargetDependency section */

/* Begin XCBuildConfiguration section */
		473C68CF29E555C60093582D /* Debug */ = {
			isa = XCBuildConfiguration;
			buildSettings = {
				ALWAYS_SEARCH_USER_PATHS = NO;
				CLANG_ANALYZER_NONNULL = YES;
				CLANG_ANALYZER_NUMBER_OBJECT_CONVERSION = YES_AGGRESSIVE;
				CLANG_CXX_LANGUAGE_STANDARD = "gnu++17";
				CLANG_ENABLE_MODULES = YES;
				CLANG_ENABLE_OBJC_ARC = YES;
				CLANG_ENABLE_OBJC_WEAK = YES;
				CLANG_WARN_BLOCK_CAPTURE_AUTORELEASING = YES;
				CLANG_WARN_BOOL_CONVERSION = YES;
				CLANG_WARN_COMMA = YES;
				CLANG_WARN_CONSTANT_CONVERSION = YES;
				CLANG_WARN_DEPRECATED_OBJC_IMPLEMENTATIONS = YES;
				CLANG_WARN_DIRECT_OBJC_ISA_USAGE = YES_ERROR;
				CLANG_WARN_DOCUMENTATION_COMMENTS = YES;
				CLANG_WARN_EMPTY_BODY = YES;
				CLANG_WARN_ENUM_CONVERSION = YES;
				CLANG_WARN_INFINITE_RECURSION = YES;
				CLANG_WARN_INT_CONVERSION = YES;
				CLANG_WARN_NON_LITERAL_NULL_CONVERSION = YES;
				CLANG_WARN_OBJC_IMPLICIT_RETAIN_SELF = YES;
				CLANG_WARN_OBJC_LITERAL_CONVERSION = YES;
				CLANG_WARN_OBJC_ROOT_CLASS = YES_ERROR;
				CLANG_WARN_QUOTED_INCLUDE_IN_FRAMEWORK_HEADER = YES;
				CLANG_WARN_RANGE_LOOP_ANALYSIS = YES;
				CLANG_WARN_STRICT_PROTOTYPES = YES;
				CLANG_WARN_SUSPICIOUS_MOVE = YES;
				CLANG_WARN_UNGUARDED_AVAILABILITY = YES_AGGRESSIVE;
				CLANG_WARN_UNREACHABLE_CODE = YES;
				CLANG_WARN__DUPLICATE_METHOD_MATCH = YES;
				COPY_PHASE_STRIP = NO;
				DEBUG_INFORMATION_FORMAT = dwarf;
				ENABLE_STRICT_OBJC_MSGSEND = YES;
				ENABLE_TESTABILITY = YES;
				GCC_C_LANGUAGE_STANDARD = gnu11;
				GCC_DYNAMIC_NO_PIC = NO;
				GCC_NO_COMMON_BLOCKS = YES;
				GCC_OPTIMIZATION_LEVEL = 0;
				GCC_PREPROCESSOR_DEFINITIONS = (
					"DEBUG=1",
					"$(inherited)",
				);
				GCC_WARN_64_TO_32_BIT_CONVERSION = YES;
				GCC_WARN_ABOUT_RETURN_TYPE = YES_ERROR;
				GCC_WARN_UNDECLARED_SELECTOR = YES;
				GCC_WARN_UNINITIALIZED_AUTOS = YES_AGGRESSIVE;
				GCC_WARN_UNUSED_FUNCTION = YES;
				GCC_WARN_UNUSED_VARIABLE = YES;
				MTL_ENABLE_DEBUG_INFO = INCLUDE_SOURCE;
				MTL_FAST_MATH = YES;
				ONLY_ACTIVE_ARCH = YES;
				SDKROOT = iphoneos;
				SWIFT_ACTIVE_COMPILATION_CONDITIONS = DEBUG;
				SWIFT_OPTIMIZATION_LEVEL = "-Onone";
			};
			name = Debug;
		};
		473C68D029E555C60093582D /* Release */ = {
			isa = XCBuildConfiguration;
			buildSettings = {
				ALWAYS_SEARCH_USER_PATHS = NO;
				CLANG_ANALYZER_NONNULL = YES;
				CLANG_ANALYZER_NUMBER_OBJECT_CONVERSION = YES_AGGRESSIVE;
				CLANG_CXX_LANGUAGE_STANDARD = "gnu++17";
				CLANG_ENABLE_MODULES = YES;
				CLANG_ENABLE_OBJC_ARC = YES;
				CLANG_ENABLE_OBJC_WEAK = YES;
				CLANG_WARN_BLOCK_CAPTURE_AUTORELEASING = YES;
				CLANG_WARN_BOOL_CONVERSION = YES;
				CLANG_WARN_COMMA = YES;
				CLANG_WARN_CONSTANT_CONVERSION = YES;
				CLANG_WARN_DEPRECATED_OBJC_IMPLEMENTATIONS = YES;
				CLANG_WARN_DIRECT_OBJC_ISA_USAGE = YES_ERROR;
				CLANG_WARN_DOCUMENTATION_COMMENTS = YES;
				CLANG_WARN_EMPTY_BODY = YES;
				CLANG_WARN_ENUM_CONVERSION = YES;
				CLANG_WARN_INFINITE_RECURSION = YES;
				CLANG_WARN_INT_CONVERSION = YES;
				CLANG_WARN_NON_LITERAL_NULL_CONVERSION = YES;
				CLANG_WARN_OBJC_IMPLICIT_RETAIN_SELF = YES;
				CLANG_WARN_OBJC_LITERAL_CONVERSION = YES;
				CLANG_WARN_OBJC_ROOT_CLASS = YES_ERROR;
				CLANG_WARN_QUOTED_INCLUDE_IN_FRAMEWORK_HEADER = YES;
				CLANG_WARN_RANGE_LOOP_ANALYSIS = YES;
				CLANG_WARN_STRICT_PROTOTYPES = YES;
				CLANG_WARN_SUSPICIOUS_MOVE = YES;
				CLANG_WARN_UNGUARDED_AVAILABILITY = YES_AGGRESSIVE;
				CLANG_WARN_UNREACHABLE_CODE = YES;
				CLANG_WARN__DUPLICATE_METHOD_MATCH = YES;
				COPY_PHASE_STRIP = NO;
				DEBUG_INFORMATION_FORMAT = "dwarf-with-dsym";
				ENABLE_NS_ASSERTIONS = NO;
				ENABLE_STRICT_OBJC_MSGSEND = YES;
				GCC_C_LANGUAGE_STANDARD = gnu11;
				GCC_NO_COMMON_BLOCKS = YES;
				GCC_WARN_64_TO_32_BIT_CONVERSION = YES;
				GCC_WARN_ABOUT_RETURN_TYPE = YES_ERROR;
				GCC_WARN_UNDECLARED_SELECTOR = YES;
				GCC_WARN_UNINITIALIZED_AUTOS = YES_AGGRESSIVE;
				GCC_WARN_UNUSED_FUNCTION = YES;
				GCC_WARN_UNUSED_VARIABLE = YES;
				MTL_ENABLE_DEBUG_INFO = NO;
				MTL_FAST_MATH = YES;
				SDKROOT = iphoneos;
				SWIFT_COMPILATION_MODE = wholemodule;
				SWIFT_OPTIMIZATION_LEVEL = "-O";
				VALIDATE_PRODUCT = YES;
			};
			name = Release;
		};
		473C68D229E555C60093582D /* Debug */ = {
			isa = XCBuildConfiguration;
			buildSettings = {
				ASSETCATALOG_COMPILER_COMPLICATION_NAME = Complication;
				CODE_SIGN_STYLE = Automatic;
				CURRENT_PROJECT_VERSION = 1;
				DEVELOPMENT_ASSET_PATHS = "\"sundial WatchKit Extension/Preview Content\"";
				DEVELOPMENT_TEAM = 2UQ6XK8PJD;
				ENABLE_PREVIEWS = YES;
				GENERATE_INFOPLIST_FILE = YES;
				INFOPLIST_FILE = "sundial WatchKit Extension/Info.plist";
				INFOPLIST_KEY_CFBundleDisplayName = "sundial WatchKit Extension";
				INFOPLIST_KEY_CLKComplicationPrincipalClass = "$(PRODUCT_MODULE_NAME).ComplicationController";
				INFOPLIST_KEY_NSHumanReadableCopyright = "";
				INFOPLIST_KEY_WKWatchOnly = YES;
				LD_RUNPATH_SEARCH_PATHS = (
					"$(inherited)",
					"@executable_path/Frameworks",
					"@executable_path/../../Frameworks",
				);
				MARKETING_VERSION = 1.0;
				PRODUCT_BUNDLE_IDENTIFIER = RenSor.sundial.watchkitapp.watchkitextension;
				PRODUCT_NAME = "${TARGET_NAME}";
				SDKROOT = watchos;
				SKIP_INSTALL = YES;
				SWIFT_EMIT_LOC_STRINGS = YES;
				SWIFT_VERSION = 5.0;
				TARGETED_DEVICE_FAMILY = 4;
				WATCHOS_DEPLOYMENT_TARGET = 8.5;
			};
			name = Debug;
		};
		473C68D329E555C60093582D /* Release */ = {
			isa = XCBuildConfiguration;
			buildSettings = {
				ASSETCATALOG_COMPILER_COMPLICATION_NAME = Complication;
				CODE_SIGN_STYLE = Automatic;
				CURRENT_PROJECT_VERSION = 1;
				DEVELOPMENT_ASSET_PATHS = "\"sundial WatchKit Extension/Preview Content\"";
				DEVELOPMENT_TEAM = 2UQ6XK8PJD;
				ENABLE_PREVIEWS = YES;
				GENERATE_INFOPLIST_FILE = YES;
				INFOPLIST_FILE = "sundial WatchKit Extension/Info.plist";
				INFOPLIST_KEY_CFBundleDisplayName = "sundial WatchKit Extension";
				INFOPLIST_KEY_CLKComplicationPrincipalClass = "$(PRODUCT_MODULE_NAME).ComplicationController";
				INFOPLIST_KEY_NSHumanReadableCopyright = "";
				INFOPLIST_KEY_WKWatchOnly = YES;
				LD_RUNPATH_SEARCH_PATHS = (
					"$(inherited)",
					"@executable_path/Frameworks",
					"@executable_path/../../Frameworks",
				);
				MARKETING_VERSION = 1.0;
				PRODUCT_BUNDLE_IDENTIFIER = RenSor.sundial.watchkitapp.watchkitextension;
				PRODUCT_NAME = "${TARGET_NAME}";
				SDKROOT = watchos;
				SKIP_INSTALL = YES;
				SWIFT_EMIT_LOC_STRINGS = YES;
				SWIFT_VERSION = 5.0;
				TARGETED_DEVICE_FAMILY = 4;
				WATCHOS_DEPLOYMENT_TARGET = 8.5;
			};
			name = Release;
		};
		473C68D629E555C60093582D /* Debug */ = {
			isa = XCBuildConfiguration;
			buildSettings = {
				ALWAYS_EMBED_SWIFT_STANDARD_LIBRARIES = YES;
				ASSETCATALOG_COMPILER_APPICON_NAME = AppIcon;
				ASSETCATALOG_COMPILER_GLOBAL_ACCENT_COLOR_NAME = AccentColor;
				CODE_SIGN_STYLE = Automatic;
				CURRENT_PROJECT_VERSION = 1;
				DEVELOPMENT_TEAM = 2UQ6XK8PJD;
				GENERATE_INFOPLIST_FILE = YES;
				IBSC_MODULE = sundial_WatchKit_Extension;
				INFOPLIST_KEY_CFBundleDisplayName = "sundial WatchKit App";
				INFOPLIST_KEY_UISupportedInterfaceOrientations = "UIInterfaceOrientationPortrait UIInterfaceOrientationPortraitUpsideDown";
				MARKETING_VERSION = 1.0;
				PRODUCT_BUNDLE_IDENTIFIER = RenSor.sundial.watchkitapp;
				PRODUCT_NAME = "$(TARGET_NAME)";
				SDKROOT = watchos;
				SKIP_INSTALL = YES;
				SWIFT_EMIT_LOC_STRINGS = YES;
				SWIFT_VERSION = 5.0;
				TARGETED_DEVICE_FAMILY = 4;
				WATCHOS_DEPLOYMENT_TARGET = 8.5;
			};
			name = Debug;
		};
		473C68D729E555C60093582D /* Release */ = {
			isa = XCBuildConfiguration;
			buildSettings = {
				ALWAYS_EMBED_SWIFT_STANDARD_LIBRARIES = YES;
				ASSETCATALOG_COMPILER_APPICON_NAME = AppIcon;
				ASSETCATALOG_COMPILER_GLOBAL_ACCENT_COLOR_NAME = AccentColor;
				CODE_SIGN_STYLE = Automatic;
				CURRENT_PROJECT_VERSION = 1;
				DEVELOPMENT_TEAM = 2UQ6XK8PJD;
				GENERATE_INFOPLIST_FILE = YES;
				IBSC_MODULE = sundial_WatchKit_Extension;
				INFOPLIST_KEY_CFBundleDisplayName = "sundial WatchKit App";
				INFOPLIST_KEY_UISupportedInterfaceOrientations = "UIInterfaceOrientationPortrait UIInterfaceOrientationPortraitUpsideDown";
				MARKETING_VERSION = 1.0;
				PRODUCT_BUNDLE_IDENTIFIER = RenSor.sundial.watchkitapp;
				PRODUCT_NAME = "$(TARGET_NAME)";
				SDKROOT = watchos;
				SKIP_INSTALL = YES;
				SWIFT_EMIT_LOC_STRINGS = YES;
				SWIFT_VERSION = 5.0;
				TARGETED_DEVICE_FAMILY = 4;
				WATCHOS_DEPLOYMENT_TARGET = 8.5;
			};
			name = Release;
		};
		473C68DA29E555C60093582D /* Debug */ = {
			isa = XCBuildConfiguration;
			buildSettings = {
				CODE_SIGN_STYLE = Automatic;
				CURRENT_PROJECT_VERSION = 1;
				DEVELOPMENT_TEAM = 2UQ6XK8PJD;
				MARKETING_VERSION = 1.0;
				PRODUCT_BUNDLE_IDENTIFIER = RenSor.sundial;
				PRODUCT_NAME = "$(TARGET_NAME)";
				SWIFT_VERSION = 5.0;
			};
			name = Debug;
		};
		473C68DB29E555C60093582D /* Release */ = {
			isa = XCBuildConfiguration;
			buildSettings = {
				CODE_SIGN_STYLE = Automatic;
				CURRENT_PROJECT_VERSION = 1;
				DEVELOPMENT_TEAM = 2UQ6XK8PJD;
				MARKETING_VERSION = 1.0;
				PRODUCT_BUNDLE_IDENTIFIER = RenSor.sundial;
				PRODUCT_NAME = "$(TARGET_NAME)";
				SWIFT_VERSION = 5.0;
			};
			name = Release;
		};
/* End XCBuildConfiguration section */

/* Begin XCConfigurationList section */
		473C68A729E555C30093582D /* Build configuration list for PBXProject "sundial" */ = {
			isa = XCConfigurationList;
			buildConfigurations = (
				473C68CF29E555C60093582D /* Debug */,
				473C68D029E555C60093582D /* Release */,
			);
			defaultConfigurationIsVisible = 0;
			defaultConfigurationName = Release;
		};
		473C68D129E555C60093582D /* Build configuration list for PBXNativeTarget "sundial WatchKit Extension" */ = {
			isa = XCConfigurationList;
			buildConfigurations = (
				473C68D229E555C60093582D /* Debug */,
				473C68D329E555C60093582D /* Release */,
			);
			defaultConfigurationIsVisible = 0;
			defaultConfigurationName = Release;
		};
		473C68D529E555C60093582D /* Build configuration list for PBXNativeTarget "sundial WatchKit App" */ = {
			isa = XCConfigurationList;
			buildConfigurations = (
				473C68D629E555C60093582D /* Debug */,
				473C68D729E555C60093582D /* Release */,
			);
			defaultConfigurationIsVisible = 0;
			defaultConfigurationName = Release;
		};
		473C68D929E555C60093582D /* Build configuration list for PBXNativeTarget "sundial" */ = {
			isa = XCConfigurationList;
			buildConfigurations = (
				473C68DA29E555C60093582D /* Debug */,
				473C68DB29E555C60093582D /* Release */,
			);
			defaultConfigurationIsVisible = 0;
			defaultConfigurationName = Release;
		};
/* End XCConfigurationList section */
	};
	rootObject = 473C68A429E555C30093582D /* Project object */;
}
